
Microsoft Visual Studio Solution File, Format Version 12.00
# Visual Studio Version 17
VisualStudioVersion = 17.6.33712.159
MinimumVisualStudioVersion = 10.0.40219.1
Project("{FAE04EC0-301F-11D3-BF4B-00C04F79EFBC}") = "tute 1 q 2.cs", "tute 1 q 2.cs.csproj", "{C2FB7125-E3BC-428A-A708-B4ECD775A27F}"
EndProject
Global
	GlobalSection(SolutionConfigurationPlatforms) = preSolution
		Debug|Any CPU = Debug|Any CPU
		Release|Any CPU = Release|Any CPU
	EndGlobalSection
	GlobalSection(ProjectConfigurationPlatforms) = postSolution
		{C2FB7125-E3BC-428A-A708-B4ECD775A27F}.Debug|Any CPU.ActiveCfg = Debug|Any CPU
		{C2FB7125-E3BC-428A-A708-B4ECD775A27F}.Debug|Any CPU.Build.0 = Debug|Any CPU
		{C2FB7125-E3BC-428A-A708-B4ECD775A27F}.Release|Any CPU.ActiveCfg = Release|Any CPU
		{C2FB7125-E3BC-428A-A708-B4ECD775A27F}.Release|Any CPU.Build.0 = Release|Any CPU
	EndGlobalSection
	GlobalSection(SolutionProperties) = preSolution
		HideSolutionNode = FALSE
	EndGlobalSection
	GlobalSection(ExtensibilityGlobals) = postSolution
		SolutionGuid = {4BDC884A-16A4-48E0-8D14-590169A2502E}
	EndGlobalSection
EndGlobal
